// !$*UTF8*$!
{
	archiveVersion = 1;
	classes = {
	};
	objectVersion = 46;
	objects = {

/* Begin PBXBuildFile section */
		8CC6621D1EA27112006D3BC7 /* AppDelegate.swift in Sources */ = {isa = PBXBuildFile; fileRef = 8CC6621C1EA27112006D3BC7 /* AppDelegate.swift */; };
		8CC6621F1EA27112006D3BC7 /* ViewController.swift in Sources */ = {isa = PBXBuildFile; fileRef = 8CC6621E1EA27112006D3BC7 /* ViewController.swift */; };
		8CC662221EA27112006D3BC7 /* Main.storyboard in Resources */ = {isa = PBXBuildFile; fileRef = 8CC662201EA27112006D3BC7 /* Main.storyboard */; };
		8CC662241EA27112006D3BC7 /* Assets.xcassets in Resources */ = {isa = PBXBuildFile; fileRef = 8CC662231EA27112006D3BC7 /* Assets.xcassets */; };
		8CC662271EA27112006D3BC7 /* LaunchScreen.storyboard in Resources */ = {isa = PBXBuildFile; fileRef = 8CC662251EA27112006D3BC7 /* LaunchScreen.storyboard */; };
		8CC6622F1EA3D705006D3BC7 /* JuegoViewController.swift in Sources */ = {isa = PBXBuildFile; fileRef = 8CC6622E1EA3D705006D3BC7 /* JuegoViewController.swift */; };
		8CD7B8631EA3F0A8007BBC71 /* DestinationView.swift in Sources */ = {isa = PBXBuildFile; fileRef = 8CD7B8621EA3F0A8007BBC71 /* DestinationView.swift */; };
		8DDABDF391237D481D8BC022 /* Pods_Glucosa.framework in Frameworks */ = {isa = PBXBuildFile; fileRef = 978492A01581D3532B8A6991 /* Pods_Glucosa.framework */; };
/* End PBXBuildFile section */

/* Begin PBXFileReference section */
		79DFCF8C84333EFB7D5D2FEA /* Pods-Glucosa.debug.xcconfig */ = {isa = PBXFileReference; includeInIndex = 1; lastKnownFileType = text.xcconfig; name = "Pods-Glucosa.debug.xcconfig"; path = "Pods/Target Support Files/Pods-Glucosa/Pods-Glucosa.debug.xcconfig"; sourceTree = "<group>"; };
		8CC662191EA27112006D3BC7 /* Glucosa.app */ = {isa = PBXFileReference; explicitFileType = wrapper.application; includeInIndex = 0; path = Glucosa.app; sourceTree = BUILT_PRODUCTS_DIR; };
		8CC6621C1EA27112006D3BC7 /* AppDelegate.swift */ = {isa = PBXFileReference; lastKnownFileType = sourcecode.swift; path = AppDelegate.swift; sourceTree = "<group>"; };
		8CC6621E1EA27112006D3BC7 /* ViewController.swift */ = {isa = PBXFileReference; lastKnownFileType = sourcecode.swift; path = ViewController.swift; sourceTree = "<group>"; };
		8CC662211EA27112006D3BC7 /* Base */ = {isa = PBXFileReference; lastKnownFileType = file.storyboard; name = Base; path = Base.lproj/Main.storyboard; sourceTree = "<group>"; };
		8CC662231EA27112006D3BC7 /* Assets.xcassets */ = {isa = PBXFileReference; lastKnownFileType = folder.assetcatalog; path = Assets.xcassets; sourceTree = "<group>"; };
		8CC662261EA27112006D3BC7 /* Base */ = {isa = PBXFileReference; lastKnownFileType = file.storyboard; name = Base; path = Base.lproj/LaunchScreen.storyboard; sourceTree = "<group>"; };
		8CC662281EA27112006D3BC7 /* Info.plist */ = {isa = PBXFileReference; lastKnownFileType = text.plist.xml; path = Info.plist; sourceTree = "<group>"; };
		8CC6622E1EA3D705006D3BC7 /* JuegoViewController.swift */ = {isa = PBXFileReference; fileEncoding = 4; lastKnownFileType = sourcecode.swift; path = JuegoViewController.swift; sourceTree = "<group>"; };
		8CD7B8621EA3F0A8007BBC71 /* DestinationView.swift */ = {isa = PBXFileReference; fileEncoding = 4; lastKnownFileType = sourcecode.swift; path = DestinationView.swift; sourceTree = "<group>"; };
		978492A01581D3532B8A6991 /* Pods_Glucosa.framework */ = {isa = PBXFileReference; explicitFileType = wrapper.framework; includeInIndex = 0; path = Pods_Glucosa.framework; sourceTree = BUILT_PRODUCTS_DIR; };
		A72E5994C8D779AB67E38624 /* Pods-Glucosa.release.xcconfig */ = {isa = PBXFileReference; includeInIndex = 1; lastKnownFileType = text.xcconfig; name = "Pods-Glucosa.release.xcconfig"; path = "Pods/Target Support Files/Pods-Glucosa/Pods-Glucosa.release.xcconfig"; sourceTree = "<group>"; };
/* End PBXFileReference section */

/* Begin PBXFrameworksBuildPhase section */
		8CC662161EA27112006D3BC7 /* Frameworks */ = {
			isa = PBXFrameworksBuildPhase;
			buildActionMask = 2147483647;
			files = (
				8DDABDF391237D481D8BC022 /* Pods_Glucosa.framework in Frameworks */,
			);
			runOnlyForDeploymentPostprocessing = 0;
		};
/* End PBXFrameworksBuildPhase section */

/* Begin PBXGroup section */
		5FC3C8A295CAB60651365530 /* Frameworks */ = {
			isa = PBXGroup;
			children = (
				978492A01581D3532B8A6991 /* Pods_Glucosa.framework */,
			);
			name = Frameworks;
			sourceTree = "<group>";
		};
		85A40689BCD71A731014D7F8 /* Pods */ = {
			isa = PBXGroup;
			children = (
				79DFCF8C84333EFB7D5D2FEA /* Pods-Glucosa.debug.xcconfig */,
				A72E5994C8D779AB67E38624 /* Pods-Glucosa.release.xcconfig */,
			);
			name = Pods;
			sourceTree = "<group>";
		};
		8CC662101EA27112006D3BC7 = {
			isa = PBXGroup;
			children = (
				8CC6621B1EA27112006D3BC7 /* Glucosa */,
				8CC6621A1EA27112006D3BC7 /* Products */,
				85A40689BCD71A731014D7F8 /* Pods */,
				5FC3C8A295CAB60651365530 /* Frameworks */,
			);
			sourceTree = "<group>";
		};
		8CC6621A1EA27112006D3BC7 /* Products */ = {
			isa = PBXGroup;
			children = (
				8CC662191EA27112006D3BC7 /* Glucosa.app */,
			);
			name = Products;
			sourceTree = "<group>";
		};
		8CC6621B1EA27112006D3BC7 /* Glucosa */ = {
			isa = PBXGroup;
			children = (
				8CC6621C1EA27112006D3BC7 /* AppDelegate.swift */,
				8CC6621E1EA27112006D3BC7 /* ViewController.swift */,
				8CC662201EA27112006D3BC7 /* Main.storyboard */,
				8CD7B8621EA3F0A8007BBC71 /* DestinationView.swift */,
				8CC6622E1EA3D705006D3BC7 /* JuegoViewController.swift */,
				8CC662231EA27112006D3BC7 /* Assets.xcassets */,
				8CC662251EA27112006D3BC7 /* LaunchScreen.storyboard */,
				8CC662281EA27112006D3BC7 /* Info.plist */,
			);
			path = Glucosa;
			sourceTree = "<group>";
		};
/* End PBXGroup section */

/* Begin PBXNativeTarget section */
		8CC662181EA27112006D3BC7 /* Glucosa */ = {
			isa = PBXNativeTarget;
			buildConfigurationList = 8CC6622B1EA27112006D3BC7 /* Build configuration list for PBXNativeTarget "Glucosa" */;
			buildPhases = (
				5D0845E0E96905A654A9641E /* [CP] Check Pods Manifest.lock */,
				8CC662151EA27112006D3BC7 /* Sources */,
				8CC662161EA27112006D3BC7 /* Frameworks */,
				8CC662171EA27112006D3BC7 /* Resources */,
				0D6F3AD4DD24056DE18F2224 /* [CP] Embed Pods Frameworks */,
				6EE8251101337D141B35149C /* [CP] Copy Pods Resources */,
			);
			buildRules = (
			);
			dependencies = (
			);
			name = Glucosa;
			productName = Glucosa;
			productReference = 8CC662191EA27112006D3BC7 /* Glucosa.app */;
			productType = "com.apple.product-type.application";
		};
/* End PBXNativeTarget section */

/* Begin PBXProject section */
		8CC662111EA27112006D3BC7 /* Project object */ = {
			isa = PBXProject;
			attributes = {
				LastSwiftUpdateCheck = 0830;
				LastUpgradeCheck = 0830;
				ORGANIZATIONNAME = Ricardo;
				TargetAttributes = {
					8CC662181EA27112006D3BC7 = {
						CreatedOnToolsVersion = 8.3.1;
						DevelopmentTeam = BR3P2ZY3G5;
						ProvisioningStyle = Automatic;
					};
				};
			};
			buildConfigurationList = 8CC662141EA27112006D3BC7 /* Build configuration list for PBXProject "Glucosa" */;
			compatibilityVersion = "Xcode 3.2";
			developmentRegion = English;
			hasScannedForEncodings = 0;
			knownRegions = (
				en,
				Base,
			);
			mainGroup = 8CC662101EA27112006D3BC7;
			productRefGroup = 8CC6621A1EA27112006D3BC7 /* Products */;
			projectDirPath = "";
			projectRoot = "";
			targets = (
				8CC662181EA27112006D3BC7 /* Glucosa */,
			);
		};
/* End PBXProject section */

/* Begin PBXResourcesBuildPhase section */
		8CC662171EA27112006D3BC7 /* Resources */ = {
			isa = PBXResourcesBuildPhase;
			buildActionMask = 2147483647;
			files = (
				8CC662271EA27112006D3BC7 /* LaunchScreen.storyboard in Resources */,
				8CC662241EA27112006D3BC7 /* Assets.xcassets in Resources */,
				8CC662221EA27112006D3BC7 /* Main.storyboard in Resources */,
			);
			runOnlyForDeploymentPostprocessing = 0;
		};
/* End PBXResourcesBuildPhase section */

/* Begin PBXShellScriptBuildPhase section */
		0D6F3AD4DD24056DE18F2224 /* [CP] Embed Pods Frameworks */ = {
			isa = PBXShellScriptBuildPhase;
			buildActionMask = 2147483647;
			files = (
			);
			inputPaths = (
			);
			name = "[CP] Embed Pods Frameworks";
			outputPaths = (
			);
			runOnlyForDeploymentPostprocessing = 0;
			shellPath = /bin/sh;
			shellScript = "\"${SRCROOT}/Pods/Target Support Files/Pods-Glucosa/Pods-Glucosa-frameworks.sh\"\n";
			showEnvVarsInLog = 0;
		};
		5D0845E0E96905A654A9641E /* [CP] Check Pods Manifest.lock */ = {
			isa = PBXShellScriptBuildPhase;
			buildActionMask = 2147483647;
			files = (
			);
			inputPaths = (
			);
			name = "[CP] Check Pods Manifest.lock";
			outputPaths = (
			);
			runOnlyForDeploymentPostprocessing = 0;
			shellPath = /bin/sh;
			shellScript = "diff \"${PODS_ROOT}/../Podfile.lock\" \"${PODS_ROOT}/Manifest.lock\" > /dev/null\nif [ $? != 0 ] ; then\n    # print error to STDERR\n    echo \"error: The sandbox is not in sync with the Podfile.lock. Run 'pod install' or update your CocoaPods installation.\" >&2\n    exit 1\nfi\n";
			showEnvVarsInLog = 0;
		};
		6EE8251101337D141B35149C /* [CP] Copy Pods Resources */ = {
			isa = PBXShellScriptBuildPhase;
			buildActionMask = 2147483647;
			files = (
			);
			inputPaths = (
			);
			name = "[CP] Copy Pods Resources";
			outputPaths = (
			);
			runOnlyForDeploymentPostprocessing = 0;
			shellPath = /bin/sh;
			shellScript = "\"${SRCROOT}/Pods/Target Support Files/Pods-Glucosa/Pods-Glucosa-resources.sh\"\n";
			showEnvVarsInLog = 0;
		};
/* End PBXShellScriptBuildPhase section */

/* Begin PBXSourcesBuildPhase section */
		8CC662151EA27112006D3BC7 /* Sources */ = {
			isa = PBXSourcesBuildPhase;
			buildActionMask = 2147483647;
			files = (
				8CC6621F1EA27112006D3BC7 /* ViewController.swift in Sources */,
				8CD7B8631EA3F0A8007BBC71 /* DestinationView.swift in Sources */,
				8CC6621D1EA27112006D3BC7 /* AppDelegate.swift in Sources */,
				8CC6622F1EA3D705006D3BC7 /* JuegoViewController.swift in Sources */,
			);
			runOnlyForDeploymentPostprocessing = 0;
		};
/* End PBXSourcesBuildPhase section */

/* Begin PBXVariantGroup section */
		8CC662201EA27112006D3BC7 /* Main.storyboard */ = {
			isa = PBXVariantGroup;
			children = (
				8CC662211EA27112006D3BC7 /* Base */,
			);
			name = Main.storyboard;
			sourceTree = "<group>";
		};
		8CC662251EA27112006D3BC7 /* LaunchScreen.storyboard */ = {
			isa = PBXVariantGroup;
			children = (
				8CC662261EA27112006D3BC7 /* Base */,
			);
			name = LaunchScreen.storyboard;
			sourceTree = "<group>";
		};
/* End PBXVariantGroup section */

/* Begin XCBuildConfiguration section */
		8CC662291EA27112006D3BC7 /* Debug */ = {
			isa = XCBuildConfiguration;
			buildSettings = {
				ALWAYS_SEARCH_USER_PATHS = NO;
				CLANG_ANALYZER_NONNULL = YES;
				CLANG_ANALYZER_NUMBER_OBJECT_CONVERSION = YES_AGGRESSIVE;
				CLANG_CXX_LANGUAGE_STANDARD = "gnu++0x";
				CLANG_CXX_LIBRARY = "libc++";
				CLANG_ENABLE_MODULES = YES;
				CLANG_ENABLE_OBJC_ARC = YES;
				CLANG_WARN_BOOL_CONVERSION = YES;
				CLANG_WARN_CONSTANT_CONVERSION = YES;
				CLANG_WARN_DIRECT_OBJC_ISA_USAGE = YES_ERROR;
				CLANG_WARN_DOCUMENTATION_COMMENTS = YES;
				CLANG_WARN_EMPTY_BODY = YES;
				CLANG_WARN_ENUM_CONVERSION = YES;
				CLANG_WARN_INFINITE_RECURSION = YES;
				CLANG_WARN_INT_CONVERSION = YES;
				CLANG_WARN_OBJC_ROOT_CLASS = YES_ERROR;
				CLANG_WARN_SUSPICIOUS_MOVE = YES;
				CLANG_WARN_UNREACHABLE_CODE = YES;
				CLANG_WARN__DUPLICATE_METHOD_MATCH = YES;
				"CODE_SIGN_IDENTITY[sdk=iphoneos*]" = "iPhone Developer";
				COPY_PHASE_STRIP = NO;
				DEBUG_INFORMATION_FORMAT = dwarf;
				ENABLE_STRICT_OBJC_MSGSEND = YES;
				ENABLE_TESTABILITY = YES;
				GCC_C_LANGUAGE_STANDARD = gnu99;
				GCC_DYNAMIC_NO_PIC = NO;
				GCC_NO_COMMON_BLOCKS = YES;
				GCC_OPTIMIZATION_LEVEL = 0;
				GCC_PREPROCESSOR_DEFINITIONS = (
					"DEBUG=1",
					"$(inherited)",
				);
				GCC_WARN_64_TO_32_BIT_CONVERSION = YES;
				GCC_WARN_ABOUT_RETURN_TYPE = YES_ERROR;
				GCC_WARN_UNDECLARED_SELECTOR = YES;
				GCC_WARN_UNINITIALIZED_AUTOS = YES_AGGRESSIVE;
				GCC_WARN_UNUSED_FUNCTION = YES;
				GCC_WARN_UNUSED_VARIABLE = YES;
				IPHONEOS_DEPLOYMENT_TARGET = 10.3;
				MTL_ENABLE_DEBUG_INFO = YES;
				ONLY_ACTIVE_ARCH = YES;
				SDKROOT = iphoneos;
				SWIFT_ACTIVE_COMPILATION_CONDITIONS = DEBUG;
				SWIFT_OPTIMIZATION_LEVEL = "-Onone";
				TARGETED_DEVICE_FAMILY = "1,2";
			};
			name = Debug;
		};
		8CC6622A1EA27112006D3BC7 /* Release */ = {
			isa = XCBuildConfiguration;
			buildSettings = {
				ALWAYS_SEARCH_USER_PATHS = NO;
				CLANG_ANALYZER_NONNULL = YES;
				CLANG_ANALYZER_NUMBER_OBJECT_CONVERSION = YES_AGGRESSIVE;
				CLANG_CXX_LANGUAGE_STANDARD = "gnu++0x";
				CLANG_CXX_LIBRARY = "libc++";
				CLANG_ENABLE_MODULES = YES;
				CLANG_ENABLE_OBJC_ARC = YES;
				CLANG_WARN_BOOL_CONVERSION = YES;
				CLANG_WARN_CONSTANT_CONVERSION = YES;
				CLANG_WARN_DIRECT_OBJC_ISA_USAGE = YES_ERROR;
				CLANG_WARN_DOCUMENTATION_COMMENTS = YES;
				CLANG_WARN_EMPTY_BODY = YES;
				CLANG_WARN_ENUM_CONVERSION = YES;
				CLANG_WARN_INFINITE_RECURSION = YES;
				CLANG_WARN_INT_CONVERSION = YES;
				CLANG_WARN_OBJC_ROOT_CLASS = YES_ERROR;
				CLANG_WARN_SUSPICIOUS_MOVE = YES;
				CLANG_WARN_UNREACHABLE_CODE = YES;
				CLANG_WARN__DUPLICATE_METHOD_MATCH = YES;
				"CODE_SIGN_IDENTITY[sdk=iphoneos*]" = "iPhone Developer";
				COPY_PHASE_STRIP = NO;
				DEBUG_INFORMATION_FORMAT = "dwarf-with-dsym";
				ENABLE_NS_ASSERTIONS = NO;
				ENABLE_STRICT_OBJC_MSGSEND = YES;
				GCC_C_LANGUAGE_STANDARD = gnu99;
				GCC_NO_COMMON_BLOCKS = YES;
				GCC_WARN_64_TO_32_BIT_CONVERSION = YES;
				GCC_WARN_ABOUT_RETURN_TYPE = YES_ERROR;
				GCC_WARN_UNDECLARED_SELECTOR = YES;
				GCC_WARN_UNINITIALIZED_AUTOS = YES_AGGRESSIVE;
				GCC_WARN_UNUSED_FUNCTION = YES;
				GCC_WARN_UNUSED_VARIABLE = YES;
				IPHONEOS_DEPLOYMENT_TARGET = 10.3;
				MTL_ENABLE_DEBUG_INFO = NO;
				SDKROOT = iphoneos;
				SWIFT_OPTIMIZATION_LEVEL = "-Owholemodule";
				TARGETED_DEVICE_FAMILY = "1,2";
				VALIDATE_PRODUCT = YES;
			};
			name = Release;
		};
		8CC6622C1EA27112006D3BC7 /* Debug */ = {
			isa = XCBuildConfiguration;
			baseConfigurationReference = 79DFCF8C84333EFB7D5D2FEA /* Pods-Glucosa.debug.xcconfig */;
			buildSettings = {
				ALWAYS_EMBED_SWIFT_STANDARD_LIBRARIES = YES;
				ASSETCATALOG_COMPILER_APPICON_NAME = AppIcon;
				DEVELOPMENT_TEAM = BR3P2ZY3G5;
				INFOPLIST_FILE = Glucosa/Info.plist;
				LD_RUNPATH_SEARCH_PATHS = "$(inherited) @executable_path/Frameworks";
				PRODUCT_BUNDLE_IDENTIFIER = RicardoTrevino.Glucosa;
				PRODUCT_NAME = "$(TARGET_NAME)";
				SWIFT_VERSION = 3.0;
			};
			name = Debug;
		};
		8CC6622D1EA27112006D3BC7 /* Release */ = {
			isa = XCBuildConfiguration;
			baseConfigurationReference = A72E5994C8D779AB67E38624 /* Pods-Glucosa.release.xcconfig */;
			buildSettings = {
				ALWAYS_EMBED_SWIFT_STANDARD_LIBRARIES = YES;
				ASSETCATALOG_COMPILER_APPICON_NAME = AppIcon;
				DEVELOPMENT_TEAM = BR3P2ZY3G5;
				INFOPLIST_FILE = Glucosa/Info.plist;
				LD_RUNPATH_SEARCH_PATHS = "$(inherited) @executable_path/Frameworks";
				PRODUCT_BUNDLE_IDENTIFIER = RicardoTrevino.Glucosa;
				PRODUCT_NAME = "$(TARGET_NAME)";
				SWIFT_VERSION = 3.0;
			};
			name = Release;
		};
/* End XCBuildConfiguration section */

/* Begin XCConfigurationList section */
		8CC662141EA27112006D3BC7 /* Build configuration list for PBXProject "Glucosa" */ = {
			isa = XCConfigurationList;
			buildConfigurations = (
				8CC662291EA27112006D3BC7 /* Debug */,
				8CC6622A1EA27112006D3BC7 /* Release */,
			);
			defaultConfigurationIsVisible = 0;
			defaultConfigurationName = Release;
		};
		8CC6622B1EA27112006D3BC7 /* Build configuration list for PBXNativeTarget "Glucosa" */ = {
			isa = XCConfigurationList;
			buildConfigurations = (
				8CC6622C1EA27112006D3BC7 /* Debug */,
				8CC6622D1EA27112006D3BC7 /* Release */,
			);
			defaultConfigurationIsVisible = 0;
			defaultConfigurationName = Release;
		};
/* End XCConfigurationList section */
	};
	rootObject = 8CC662111EA27112006D3BC7 /* Project object */;
}
